// !$*UTF8*$!
{
	archiveVersion = 1;
	classes = {
	};
	objectVersion = 46;
	objects = {

/* Begin PBXBuildFile section */
		68FE8C4F1B6DD8FF0018C557 /* main.m in Sources */ = {isa = PBXBuildFile; fileRef = 68FE8C4E1B6DD8FF0018C557 /* main.m */; };
		68FE8C521B6DD8FF0018C557 /* AppDelegate.m in Sources */ = {isa = PBXBuildFile; fileRef = 68FE8C511B6DD8FF0018C557 /* AppDelegate.m */; };
		68FE8C551B6DD8FF0018C557 /* ViewController.m in Sources */ = {isa = PBXBuildFile; fileRef = 68FE8C541B6DD8FF0018C557 /* ViewController.m */; };
		68FE8C581B6DD8FF0018C557 /* Main.storyboard in Resources */ = {isa = PBXBuildFile; fileRef = 68FE8C561B6DD8FF0018C557 /* Main.storyboard */; };
		68FE8C5A1B6DD8FF0018C557 /* Images.xcassets in Resources */ = {isa = PBXBuildFile; fileRef = 68FE8C591B6DD8FF0018C557 /* Images.xcassets */; };
		68FE8C5D1B6DD8FF0018C557 /* LaunchScreen.xib in Resources */ = {isa = PBXBuildFile; fileRef = 68FE8C5B1B6DD8FF0018C557 /* LaunchScreen.xib */; };
		68FE8C691B6DD8FF0018C557 /* messageTestTests.m in Sources */ = {isa = PBXBuildFile; fileRef = 68FE8C681B6DD8FF0018C557 /* messageTestTests.m */; };
		68FE8C751B6DDC520018C557 /* messageCell.m in Sources */ = {isa = PBXBuildFile; fileRef = 68FE8C741B6DDC520018C557 /* messageCell.m */; };
		68FE8C781B6DDD9E0018C557 /* messageModel.m in Sources */ = {isa = PBXBuildFile; fileRef = 68FE8C771B6DDD9E0018C557 /* messageModel.m */; };
		68FE8C7B1B6DE51B0018C557 /* 消息框@2x.png in Resources */ = {isa = PBXBuildFile; fileRef = 68FE8C791B6DE51B0018C557 /* 消息框@2x.png */; };
		68FE8C7C1B6DE51B0018C557 /* 消息框@3x.png in Resources */ = {isa = PBXBuildFile; fileRef = 68FE8C7A1B6DE51B0018C557 /* 消息框@3x.png */; };
		68FE8C7E1B6DF0220018C557 /* fbb.jpg in Resources */ = {isa = PBXBuildFile; fileRef = 68FE8C7D1B6DF0220018C557 /* fbb.jpg */; };
/* End PBXBuildFile section */

/* Begin PBXContainerItemProxy section */
		68FE8C631B6DD8FF0018C557 /* PBXContainerItemProxy */ = {
			isa = PBXContainerItemProxy;
			containerPortal = 68FE8C411B6DD8FF0018C557 /* Project object */;
			proxyType = 1;
			remoteGlobalIDString = 68FE8C481B6DD8FF0018C557;
			remoteInfo = messageTest;
		};
/* End PBXContainerItemProxy section */

/* Begin PBXFileReference section */
		68FE8C491B6DD8FF0018C557 /* messageTest.app */ = {isa = PBXFileReference; explicitFileType = wrapper.application; includeInIndex = 0; path = messageTest.app; sourceTree = BUILT_PRODUCTS_DIR; };
		68FE8C4D1B6DD8FF0018C557 /* Info.plist */ = {isa = PBXFileReference; lastKnownFileType = text.plist.xml; path = Info.plist; sourceTree = "<group>"; };
		68FE8C4E1B6DD8FF0018C557 /* main.m */ = {isa = PBXFileReference; lastKnownFileType = sourcecode.c.objc; path = main.m; sourceTree = "<group>"; };
		68FE8C501B6DD8FF0018C557 /* AppDelegate.h */ = {isa = PBXFileReference; lastKnownFileType = sourcecode.c.h; path = AppDelegate.h; sourceTree = "<group>"; };
		68FE8C511B6DD8FF0018C557 /* AppDelegate.m */ = {isa = PBXFileReference; lastKnownFileType = sourcecode.c.objc; path = AppDelegate.m; sourceTree = "<group>"; };
		68FE8C531B6DD8FF0018C557 /* ViewController.h */ = {isa = PBXFileReference; lastKnownFileType = sourcecode.c.h; path = ViewController.h; sourceTree = "<group>"; };
		68FE8C541B6DD8FF0018C557 /* ViewController.m */ = {isa = PBXFileReference; lastKnownFileType = sourcecode.c.objc; path = ViewController.m; sourceTree = "<group>"; };
		68FE8C571B6DD8FF0018C557 /* Base */ = {isa = PBXFileReference; lastKnownFileType = file.storyboard; name = Base; path = Base.lproj/Main.storyboard; sourceTree = "<group>"; };
		68FE8C591B6DD8FF0018C557 /* Images.xcassets */ = {isa = PBXFileReference; lastKnownFileType = folder.assetcatalog; path = Images.xcassets; sourceTree = "<group>"; };
		68FE8C5C1B6DD8FF0018C557 /* Base */ = {isa = PBXFileReference; lastKnownFileType = file.xib; name = Base; path = Base.lproj/LaunchScreen.xib; sourceTree = "<group>"; };
		68FE8C621B6DD8FF0018C557 /* messageTestTests.xctest */ = {isa = PBXFileReference; explicitFileType = wrapper.cfbundle; includeInIndex = 0; path = messageTestTests.xctest; sourceTree = BUILT_PRODUCTS_DIR; };
		68FE8C671B6DD8FF0018C557 /* Info.plist */ = {isa = PBXFileReference; lastKnownFileType = text.plist.xml; path = Info.plist; sourceTree = "<group>"; };
		68FE8C681B6DD8FF0018C557 /* messageTestTests.m */ = {isa = PBXFileReference; lastKnownFileType = sourcecode.c.objc; path = messageTestTests.m; sourceTree = "<group>"; };
		68FE8C731B6DDC520018C557 /* messageCell.h */ = {isa = PBXFileReference; fileEncoding = 4; lastKnownFileType = sourcecode.c.h; path = messageCell.h; sourceTree = "<group>"; };
		68FE8C741B6DDC520018C557 /* messageCell.m */ = {isa = PBXFileReference; fileEncoding = 4; lastKnownFileType = sourcecode.c.objc; path = messageCell.m; sourceTree = "<group>"; };
		68FE8C761B6DDD9E0018C557 /* messageModel.h */ = {isa = PBXFileReference; fileEncoding = 4; lastKnownFileType = sourcecode.c.h; path = messageModel.h; sourceTree = "<group>"; };
		68FE8C771B6DDD9E0018C557 /* messageModel.m */ = {isa = PBXFileReference; fileEncoding = 4; lastKnownFileType = sourcecode.c.objc; path = messageModel.m; sourceTree = "<group>"; };
		68FE8C791B6DE51B0018C557 /* 消息框@2x.png */ = {isa = PBXFileReference; lastKnownFileType = image.png; path = "消息框@2x.png"; sourceTree = "<group>"; };
		68FE8C7A1B6DE51B0018C557 /* 消息框@3x.png */ = {isa = PBXFileReference; lastKnownFileType = image.png; path = "消息框@3x.png"; sourceTree = "<group>"; };
		68FE8C7D1B6DF0220018C557 /* fbb.jpg */ = {isa = PBXFileReference; lastKnownFileType = image.jpeg; path = fbb.jpg; sourceTree = "<group>"; };
/* End PBXFileReference section */

/* Begin PBXFrameworksBuildPhase section */
		68FE8C461B6DD8FF0018C557 /* Frameworks */ = {
			isa = PBXFrameworksBuildPhase;
			buildActionMask = 2147483647;
			files = (
			);
			runOnlyForDeploymentPostprocessing = 0;
		};
		68FE8C5F1B6DD8FF0018C557 /* Frameworks */ = {
			isa = PBXFrameworksBuildPhase;
			buildActionMask = 2147483647;
			files = (
			);
			runOnlyForDeploymentPostprocessing = 0;
		};
/* End PBXFrameworksBuildPhase section */

/* Begin PBXGroup section */
		68FE8C401B6DD8FF0018C557 = {
			isa = PBXGroup;
			children = (
				68FE8C4B1B6DD8FF0018C557 /* messageTest */,
				68FE8C651B6DD8FF0018C557 /* messageTestTests */,
				68FE8C4A1B6DD8FF0018C557 /* Products */,
			);
			sourceTree = "<group>";
		};
		68FE8C4A1B6DD8FF0018C557 /* Products */ = {
			isa = PBXGroup;
			children = (
				68FE8C491B6DD8FF0018C557 /* messageTest.app */,
				68FE8C621B6DD8FF0018C557 /* messageTestTests.xctest */,
			);
			name = Products;
			sourceTree = "<group>";
		};
		68FE8C4B1B6DD8FF0018C557 /* messageTest */ = {
			isa = PBXGroup;
			children = (
				68FE8C7D1B6DF0220018C557 /* fbb.jpg */,
				68FE8C791B6DE51B0018C557 /* 消息框@2x.png */,
				68FE8C7A1B6DE51B0018C557 /* 消息框@3x.png */,
				68FE8C501B6DD8FF0018C557 /* AppDelegate.h */,
				68FE8C511B6DD8FF0018C557 /* AppDelegate.m */,
				68FE8C531B6DD8FF0018C557 /* ViewController.h */,
				68FE8C541B6DD8FF0018C557 /* ViewController.m */,
				68FE8C731B6DDC520018C557 /* messageCell.h */,
				68FE8C741B6DDC520018C557 /* messageCell.m */,
				68FE8C761B6DDD9E0018C557 /* messageModel.h */,
				68FE8C771B6DDD9E0018C557 /* messageModel.m */,
				68FE8C561B6DD8FF0018C557 /* Main.storyboard */,
				68FE8C591B6DD8FF0018C557 /* Images.xcassets */,
				68FE8C5B1B6DD8FF0018C557 /* LaunchScreen.xib */,
				68FE8C4C1B6DD8FF0018C557 /* Supporting Files */,
			);
			path = messageTest;
			sourceTree = "<group>";
		};
		68FE8C4C1B6DD8FF0018C557 /* Supporting Files */ = {
			isa = PBXGroup;
			children = (
				68FE8C4D1B6DD8FF0018C557 /* Info.plist */,
				68FE8C4E1B6DD8FF0018C557 /* main.m */,
			);
			name = "Supporting Files";
			sourceTree = "<group>";
		};
		68FE8C651B6DD8FF0018C557 /* messageTestTests */ = {
			isa = PBXGroup;
			children = (
				68FE8C681B6DD8FF0018C557 /* messageTestTests.m */,
				68FE8C661B6DD8FF0018C557 /* Supporting Files */,
			);
			path = messageTestTests;
			sourceTree = "<group>";
		};
		68FE8C661B6DD8FF0018C557 /* Supporting Files */ = {
			isa = PBXGroup;
			children = (
				68FE8C671B6DD8FF0018C557 /* Info.plist */,
			);
			name = "Supporting Files";
			sourceTree = "<group>";
		};
/* End PBXGroup section */

/* Begin PBXNativeTarget section */
		68FE8C481B6DD8FF0018C557 /* messageTest */ = {
			isa = PBXNativeTarget;
			buildConfigurationList = 68FE8C6C1B6DD8FF0018C557 /* Build configuration list for PBXNativeTarget "messageTest" */;
			buildPhases = (
				68FE8C451B6DD8FF0018C557 /* Sources */,
				68FE8C461B6DD8FF0018C557 /* Frameworks */,
				68FE8C471B6DD8FF0018C557 /* Resources */,
			);
			buildRules = (
			);
			dependencies = (
			);
			name = messageTest;
			productName = messageTest;
			productReference = 68FE8C491B6DD8FF0018C557 /* messageTest.app */;
			productType = "com.apple.product-type.application";
		};
		68FE8C611B6DD8FF0018C557 /* messageTestTests */ = {
			isa = PBXNativeTarget;
			buildConfigurationList = 68FE8C6F1B6DD8FF0018C557 /* Build configuration list for PBXNativeTarget "messageTestTests" */;
			buildPhases = (
				68FE8C5E1B6DD8FF0018C557 /* Sources */,
				68FE8C5F1B6DD8FF0018C557 /* Frameworks */,
				68FE8C601B6DD8FF0018C557 /* Resources */,
			);
			buildRules = (
			);
			dependencies = (
				68FE8C641B6DD8FF0018C557 /* PBXTargetDependency */,
			);
			name = messageTestTests;
			productName = messageTestTests;
			productReference = 68FE8C621B6DD8FF0018C557 /* messageTestTests.xctest */;
			productType = "com.apple.product-type.bundle.unit-test";
		};
/* End PBXNativeTarget section */

/* Begin PBXProject section */
		68FE8C411B6DD8FF0018C557 /* Project object */ = {
			isa = PBXProject;
			attributes = {
				LastUpgradeCheck = 0640;
				ORGANIZATIONNAME = RoarRain;
				TargetAttributes = {
					68FE8C481B6DD8FF0018C557 = {
						CreatedOnToolsVersion = 6.4;
					};
					68FE8C611B6DD8FF0018C557 = {
						CreatedOnToolsVersion = 6.4;
						TestTargetID = 68FE8C481B6DD8FF0018C557;
					};
				};
			};
			buildConfigurationList = 68FE8C441B6DD8FF0018C557 /* Build configuration list for PBXProject "messageTest" */;
			compatibilityVersion = "Xcode 3.2";
			developmentRegion = English;
			hasScannedForEncodings = 0;
			knownRegions = (
				en,
				Base,
			);
			mainGroup = 68FE8C401B6DD8FF0018C557;
			productRefGroup = 68FE8C4A1B6DD8FF0018C557 /* Products */;
			projectDirPath = "";
			projectRoot = "";
			targets = (
				68FE8C481B6DD8FF0018C557 /* messageTest */,
				68FE8C611B6DD8FF0018C557 /* messageTestTests */,
			);
		};
/* End PBXProject section */

/* Begin PBXResourcesBuildPhase section */
		68FE8C471B6DD8FF0018C557 /* Resources */ = {
			isa = PBXResourcesBuildPhase;
			buildActionMask = 2147483647;
			files = (
				68FE8C7E1B6DF0220018C557 /* fbb.jpg in Resources */,
				68FE8C7B1B6DE51B0018C557 /* 消息框@2x.png in Resources */,
				68FE8C581B6DD8FF0018C557 /* Main.storyboard in Resources */,
				68FE8C5D1B6DD8FF0018C557 /* LaunchScreen.xib in Resources */,
				68FE8C5A1B6DD8FF0018C557 /* Images.xcassets in Resources */,
				68FE8C7C1B6DE51B0018C557 /* 消息框@3x.png in Resources */,
			);
			runOnlyForDeploymentPostprocessing = 0;
		};
		68FE8C601B6DD8FF0018C557 /* Resources */ = {
			isa = PBXResourcesBuildPhase;
			buildActionMask = 2147483647;
			files = (
			);
			runOnlyForDeploymentPostprocessing = 0;
		};
/* End PBXResourcesBuildPhase section */

/* Begin PBXSourcesBuildPhase section */
		68FE8C451B6DD8FF0018C557 /* Sources */ = {
			isa = PBXSourcesBuildPhase;
			buildActionMask = 2147483647;
			files = (
				68FE8C551B6DD8FF0018C557 /* ViewController.m in Sources */,
				68FE8C751B6DDC520018C557 /* messageCell.m in Sources */,
				68FE8C781B6DDD9E0018C557 /* messageModel.m in Sources */,
				68FE8C521B6DD8FF0018C557 /* AppDelegate.m in Sources */,
				68FE8C4F1B6DD8FF0018C557 /* main.m in Sources */,
			);
			runOnlyForDeploymentPostprocessing = 0;
		};
		68FE8C5E1B6DD8FF0018C557 /* Sources */ = {
			isa = PBXSourcesBuildPhase;
			buildActionMask = 2147483647;
			files = (
				68FE8C691B6DD8FF0018C557 /* messageTestTests.m in Sources */,
			);
			runOnlyForDeploymentPostprocessing = 0;
		};
/* End PBXSourcesBuildPhase section */

/* Begin PBXTargetDependency section */
		68FE8C641B6DD8FF0018C557 /* PBXTargetDependency */ = {
			isa = PBXTargetDependency;
			target = 68FE8C481B6DD8FF0018C557 /* messageTest */;
			targetProxy = 68FE8C631B6DD8FF0018C557 /* PBXContainerItemProxy */;
		};
/* End PBXTargetDependency section */

/* Begin PBXVariantGroup section */
		68FE8C561B6DD8FF0018C557 /* Main.storyboard */ = {
			isa = PBXVariantGroup;
			children = (
				68FE8C571B6DD8FF0018C557 /* Base */,
			);
			name = Main.storyboard;
			sourceTree = "<group>";
		};
		68FE8C5B1B6DD8FF0018C557 /* LaunchScreen.xib */ = {
			isa = PBXVariantGroup;
			children = (
				68FE8C5C1B6DD8FF0018C557 /* Base */,
			);
			name = LaunchScreen.xib;
			sourceTree = "<group>";
		};
/* End PBXVariantGroup section */

/* Begin XCBuildConfiguration section */
		68FE8C6A1B6DD8FF0018C557 /* Debug */ = {
			isa = XCBuildConfiguration;
			buildSettings = {
				ALWAYS_SEARCH_USER_PATHS = NO;
				CLANG_CXX_LANGUAGE_STANDARD = "gnu++0x";
				CLANG_CXX_LIBRARY = "libc++";
				CLANG_ENABLE_MODULES = YES;
				CLANG_ENABLE_OBJC_ARC = YES;
				CLANG_WARN_BOOL_CONVERSION = YES;
				CLANG_WARN_CONSTANT_CONVERSION = YES;
				CLANG_WARN_DIRECT_OBJC_ISA_USAGE = YES_ERROR;
				CLANG_WARN_EMPTY_BODY = YES;
				CLANG_WARN_ENUM_CONVERSION = YES;
				CLANG_WARN_INT_CONVERSION = YES;
				CLANG_WARN_OBJC_ROOT_CLASS = YES_ERROR;
				CLANG_WARN_UNREACHABLE_CODE = YES;
				CLANG_WARN__DUPLICATE_METHOD_MATCH = YES;
				"CODE_SIGN_IDENTITY[sdk=iphoneos*]" = "iPhone Developer";
				COPY_PHASE_STRIP = NO;
				DEBUG_INFORMATION_FORMAT = "dwarf-with-dsym";
				ENABLE_STRICT_OBJC_MSGSEND = YES;
				GCC_C_LANGUAGE_STANDARD = gnu99;
				GCC_DYNAMIC_NO_PIC = NO;
				GCC_NO_COMMON_BLOCKS = YES;
				GCC_OPTIMIZATION_LEVEL = 0;
				GCC_PREPROCESSOR_DEFINITIONS = (
					"DEBUG=1",
					"$(inherited)",
				);
				GCC_SYMBOLS_PRIVATE_EXTERN = NO;
				GCC_WARN_64_TO_32_BIT_CONVERSION = YES;
				GCC_WARN_ABOUT_RETURN_TYPE = YES_ERROR;
				GCC_WARN_UNDECLARED_SELECTOR = YES;
				GCC_WARN_UNINITIALIZED_AUTOS = YES_AGGRESSIVE;
				GCC_WARN_UNUSED_FUNCTION = YES;
				GCC_WARN_UNUSED_VARIABLE = YES;
				IPHONEOS_DEPLOYMENT_TARGET = 8.4;
				MTL_ENABLE_DEBUG_INFO = YES;
				ONLY_ACTIVE_ARCH = YES;
				SDKROOT = iphoneos;
			};
			name = Debug;
		};
		68FE8C6B1B6DD8FF0018C557 /* Release */ = {
			isa = XCBuildConfiguration;
			buildSettings = {
				ALWAYS_SEARCH_USER_PATHS = NO;
				CLANG_CXX_LANGUAGE_STANDARD = "gnu++0x";
				CLANG_CXX_LIBRARY = "libc++";
				CLANG_ENABLE_MODULES = YES;
				CLANG_ENABLE_OBJC_ARC = YES;
				CLANG_WARN_BOOL_CONVERSION = YES;
				CLANG_WARN_CONSTANT_CONVERSION = YES;
				CLANG_WARN_DIRECT_OBJC_ISA_USAGE = YES_ERROR;
				CLANG_WARN_EMPTY_BODY = YES;
				CLANG_WARN_ENUM_CONVERSION = YES;
				CLANG_WARN_INT_CONVERSION = YES;
				CLANG_WARN_OBJC_ROOT_CLASS = YES_ERROR;
				CLANG_WARN_UNREACHABLE_CODE = YES;
				CLANG_WARN__DUPLICATE_METHOD_MATCH = YES;
				"CODE_SIGN_IDENTITY[sdk=iphoneos*]" = "iPhone Developer";
				COPY_PHASE_STRIP = NO;
				DEBUG_INFORMATION_FORMAT = "dwarf-with-dsym";
				ENABLE_NS_ASSERTIONS = NO;
				ENABLE_STRICT_OBJC_MSGSEND = YES;
				GCC_C_LANGUAGE_STANDARD = gnu99;
				GCC_NO_COMMON_BLOCKS = YES;
				GCC_WARN_64_TO_32_BIT_CONVERSION = YES;
				GCC_WARN_ABOUT_RETURN_TYPE = YES_ERROR;
				GCC_WARN_UNDECLARED_SELECTOR = YES;
				GCC_WARN_UNINITIALIZED_AUTOS = YES_AGGRESSIVE;
				GCC_WARN_UNUSED_FUNCTION = YES;
				GCC_WARN_UNUSED_VARIABLE = YES;
				IPHONEOS_DEPLOYMENT_TARGET = 8.4;
				MTL_ENABLE_DEBUG_INFO = NO;
				SDKROOT = iphoneos;
				VALIDATE_PRODUCT = YES;
			};
			name = Release;
		};
		68FE8C6D1B6DD8FF0018C557 /* Debug */ = {
			isa = XCBuildConfiguration;
			buildSettings = {
				ASSETCATALOG_COMPILER_APPICON_NAME = AppIcon;
				INFOPLIST_FILE = messageTest/Info.plist;
				LD_RUNPATH_SEARCH_PATHS = "$(inherited) @executable_path/Frameworks";
				PRODUCT_NAME = "$(TARGET_NAME)";
			};
			name = Debug;
		};
		68FE8C6E1B6DD8FF0018C557 /* Release */ = {
			isa = XCBuildConfiguration;
			buildSettings = {
				ASSETCATALOG_COMPILER_APPICON_NAME = AppIcon;
				INFOPLIST_FILE = messageTest/Info.plist;
				LD_RUNPATH_SEARCH_PATHS = "$(inherited) @executable_path/Frameworks";
				PRODUCT_NAME = "$(TARGET_NAME)";
			};
			name = Release;
		};
		68FE8C701B6DD8FF0018C557 /* Debug */ = {
			isa = XCBuildConfiguration;
			buildSettings = {
				BUNDLE_LOADER = "$(TEST_HOST)";
				FRAMEWORK_SEARCH_PATHS = (
					"$(SDKROOT)/Developer/Library/Frameworks",
					"$(inherited)",
				);
				GCC_PREPROCESSOR_DEFINITIONS = (
					"DEBUG=1",
					"$(inherited)",
				);
				INFOPLIST_FILE = messageTestTests/Info.plist;
				LD_RUNPATH_SEARCH_PATHS = "$(inherited) @executable_path/Frameworks @loader_path/Frameworks";
				PRODUCT_NAME = "$(TARGET_NAME)";
				TEST_HOST = "$(BUILT_PRODUCTS_DIR)/messageTest.app/messageTest";
			};
			name = Debug;
		};
		68FE8C711B6DD8FF0018C557 /* Release */ = {
			isa = XCBuildConfiguration;
			buildSettings = {
				BUNDLE_LOADER = "$(TEST_HOST)";
				FRAMEWORK_SEARCH_PATHS = (
					"$(SDKROOT)/Developer/Library/Frameworks",
					"$(inherited)",
				);
				INFOPLIST_FILE = messageTestTests/Info.plist;
				LD_RUNPATH_SEARCH_PATHS = "$(inherited) @executable_path/Frameworks @loader_path/Frameworks";
				PRODUCT_NAME = "$(TARGET_NAME)";
				TEST_HOST = "$(BUILT_PRODUCTS_DIR)/messageTest.app/messageTest";
			};
			name = Release;
		};
/* End XCBuildConfiguration section */

/* Begin XCConfigurationList section */
		68FE8C441B6DD8FF0018C557 /* Build configuration list for PBXProject "messageTest" */ = {
			isa = XCConfigurationList;
			buildConfigurations = (
				68FE8C6A1B6DD8FF0018C557 /* Debug */,
				68FE8C6B1B6DD8FF0018C557 /* Release */,
			);
			defaultConfigurationIsVisible = 0;
			defaultConfigurationName = Release;
		};
		68FE8C6C1B6DD8FF0018C557 /* Build configuration list for PBXNativeTarget "messageTest" */ = {
			isa = XCConfigurationList;
			buildConfigurations = (
				68FE8C6D1B6DD8FF0018C557 /* Debug */,
				68FE8C6E1B6DD8FF0018C557 /* Release */,
			);
			defaultConfigurationIsVisible = 0;
		};
		68FE8C6F1B6DD8FF0018C557 /* Build configuration list for PBXNativeTarget "messageTestTests" */ = {
			isa = XCConfigurationList;
			buildConfigurations = (
				68FE8C701B6DD8FF0018C557 /* Debug */,
				68FE8C711B6DD8FF0018C557 /* Release */,
			);
			defaultConfigurationIsVisible = 0;
		};
/* End XCConfigurationList section */
	};
	rootObject = 68FE8C411B6DD8FF0018C557 /* Project object */;
}
